# This file is automatically @generated by Cargo.
# It is not intended for manual editing.
version = 4

[[package]]
name = "cat"
version = "0.1.0"
dependencies = [
 "user-lib",
]

[[package]]
name = "echo"
version = "0.1.0"
dependencies = [
 "user-lib",
]

[[package]]
name = "fork_test"
version = "0.1.0"
dependencies = [
 "user-lib",
]

[[package]]
name = "grep"
version = "0.1.0"
dependencies = [
 "user-lib",
]

[[package]]
name = "host-tests"
version = "0.1.0"

[[package]]
name = "init"
version = "0.1.0"
dependencies = [
 "user-lib",
]

[[package]]
name = "kernel"
version = "0.1.0"

[[package]]
name = "ls"
version = "0.1.0"
dependencies = [
 "user-lib",
]

[[package]]
name = "mkfs"
version = "0.1.0"

[[package]]
name = "persist"
version = "0.1.0"
dependencies = [
 "user-lib",
]

[[package]]
name = "pipe_test"
version = "0.1.0"
dependencies = [
 "user-lib",
]

[[package]]
name = "printenv"
version = "0.1.0"
dependencies = [
 "user-lib",
]

[[package]]
name = "reclaim_test"
version = "0.1.0"
dependencies = [
 "user-lib",
]

[[package]]
name = "sh"
version = "0.1.0"
dependencies = [
 "user-lib",
]

[[package]]
name = "smp_test"
version = "0.1.0"
dependencies = [
 "user-lib",
]

[[package]]
name = "stress"
version = "0.1.0"
dependencies = [
 "user-lib",
]

[[package]]
name = "udpping"
version = "0.1.0"
dependencies = [
 "user-lib",
]

[[package]]
name = "user-lib"
version = "0.1.0"

[[package]]
name = "usertests"
version = "0.1.0"
dependencies = [
 "user-lib",
]
