# This file is automatically @generated by Cargo.
# It is not intended for manual editing.
version = 4

[[package]]
name = "guest-args"
version = "0.1.0"
source = "registry+https://github.com/rust-lang/crates.io-index"
checksum = "7c9648620c6fe59c434040e7b27262aae6d65c530bb13344daf2ed9cfa93ea57"

[[package]]
name = "guest-fmt"
version = "0.1.0"
source = "registry+https://github.com/rust-lang/crates.io-index"
checksum = "5410f00a321e6a5d0f584b8581bcf879edb09f8ec5bda527b915d9251eb6c1c5"

[[package]]
name = "repeat"
version = "1.0.0"
dependencies = [
 "guest-args",
 "guest-fmt",
 "user-lib",
]

[[package]]
name = "user-lib"
version = "0.1.0"
